// !$*UTF8*$!
{
	archiveVersion = 1;
	classes = {
	};
	objectVersion = 48;
	objects = {

/* Begin PBXBuildFile section */
		043F1FDF20BDDACF00904784 /* RangeSlider.m in Sources */ = {isa = PBXBuildFile; fileRef = 043F1FDE20BDDACF00904784 /* RangeSlider.m */; };
		043F1FE020BDDACF00904784 /* RangeSlider.h in CopyFiles */ = {isa = PBXBuildFile; fileRef = 043F1FDD20BDDACF00904784 /* RangeSlider.h */; };
		043F1FE820BDDC3A00904784 /* RangeSliderManager.m in Sources */ = {isa = PBXBuildFile; fileRef = 043F1FE720BDDC3A00904784 /* RangeSliderManager.m */; };
		04A774A420BE67A500539467 /* TTRangeSlider.m in Sources */ = {isa = PBXBuildFile; fileRef = 04A774A320BE67A500539467 /* TTRangeSlider.m */; };
		04A774A620BE680600539467 /* TTRangeSliderDelegate.h in Sources */ = {isa = PBXBuildFile; fileRef = 04A774A520BE680600539467 /* TTRangeSliderDelegate.h */; };
		04E3D59B20C873C400BCA5A9 /* UIColor+fromHex.m in Sources */ = {isa = PBXBuildFile; fileRef = 04E3D59A20C873C400BCA5A9 /* UIColor+fromHex.m */; };
/* End PBXBuildFile section */

/* Begin PBXCopyFilesBuildPhase section */
		043F1FD820BDDACF00904784 /* CopyFiles */ = {
			isa = PBXCopyFilesBuildPhase;
			buildActionMask = 2147483647;
			dstPath = "include/$(PRODUCT_NAME)";
			dstSubfolderSpec = 16;
			files = (
				043F1FE020BDDACF00904784 /* RangeSlider.h in CopyFiles */,
			);
			runOnlyForDeploymentPostprocessing = 0;
		};
/* End PBXCopyFilesBuildPhase section */

/* Begin PBXFileReference section */
		043F1FDA20BDDACF00904784 /* libRangeSlider.a */ = {isa = PBXFileReference; explicitFileType = archive.ar; includeInIndex = 0; path = libRangeSlider.a; sourceTree = BUILT_PRODUCTS_DIR; };
		043F1FDD20BDDACF00904784 /* RangeSlider.h */ = {isa = PBXFileReference; lastKnownFileType = sourcecode.c.h; path = RangeSlider.h; sourceTree = "<group>"; };
		043F1FDE20BDDACF00904784 /* RangeSlider.m */ = {isa = PBXFileReference; lastKnownFileType = sourcecode.c.objc; path = RangeSlider.m; sourceTree = "<group>"; };
		043F1FE620BDDBFC00904784 /* RangeSliderManager.h */ = {isa = PBXFileReference; lastKnownFileType = sourcecode.c.h; path = RangeSliderManager.h; sourceTree = "<group>"; };
		043F1FE720BDDC3A00904784 /* RangeSliderManager.m */ = {isa = PBXFileReference; lastKnownFileType = sourcecode.c.objc; path = RangeSliderManager.m; sourceTree = "<group>"; };
		04A774A220BE677E00539467 /* TTRangeSlider.h */ = {isa = PBXFileReference; lastKnownFileType = sourcecode.c.h; path = TTRangeSlider.h; sourceTree = "<group>"; };
		04A774A320BE67A500539467 /* TTRangeSlider.m */ = {isa = PBXFileReference; lastKnownFileType = sourcecode.c.objc; path = TTRangeSlider.m; sourceTree = "<group>"; };
		04A774A520BE680600539467 /* TTRangeSliderDelegate.h */ = {isa = PBXFileReference; lastKnownFileType = sourcecode.c.h; path = TTRangeSliderDelegate.h; sourceTree = "<group>"; };
		04E3D59920C873C400BCA5A9 /* UIColor+fromHex.h */ = {isa = PBXFileReference; lastKnownFileType = sourcecode.c.h; path = "UIColor+fromHex.h"; sourceTree = "<group>"; };
		04E3D59A20C873C400BCA5A9 /* UIColor+fromHex.m */ = {isa = PBXFileReference; lastKnownFileType = sourcecode.c.objc; path = "UIColor+fromHex.m"; sourceTree = "<group>"; };
/* End PBXFileReference section */

/* Begin PBXFrameworksBuildPhase section */
		043F1FD720BDDACF00904784 /* Frameworks */ = {
			isa = PBXFrameworksBuildPhase;
			buildActionMask = 2147483647;
			files = (
			);
			runOnlyForDeploymentPostprocessing = 0;
		};
/* End PBXFrameworksBuildPhase section */

/* Begin PBXGroup section */
		043F1FD120BDDACF00904784 = {
			isa = PBXGroup;
			children = (
				04E3D59820C8731F00BCA5A9 /* TTRangeSlider */,
				043F1FDC20BDDACF00904784 /* RangeSlider */,
				043F1FDB20BDDACF00904784 /* Products */,
				5BCD13AA3588A358493C37FB /* Frameworks */,
			);
			sourceTree = "<group>";
		};
		043F1FDB20BDDACF00904784 /* Products */ = {
			isa = PBXGroup;
			children = (
				043F1FDA20BDDACF00904784 /* libRangeSlider.a */,
			);
			name = Products;
			sourceTree = "<group>";
		};
		043F1FDC20BDDACF00904784 /* RangeSlider */ = {
			isa = PBXGroup;
			children = (
				043F1FE720BDDC3A00904784 /* RangeSliderManager.m */,
				043F1FE620BDDBFC00904784 /* RangeSliderManager.h */,
				043F1FDD20BDDACF00904784 /* RangeSlider.h */,
				043F1FDE20BDDACF00904784 /* RangeSlider.m */,
				04E3D59920C873C400BCA5A9 /* UIColor+fromHex.h */,
				04E3D59A20C873C400BCA5A9 /* UIColor+fromHex.m */,
			);
			path = RangeSlider;
			sourceTree = "<group>";
		};
		04E3D59820C8731F00BCA5A9 /* TTRangeSlider */ = {
			isa = PBXGroup;
			children = (
				04A774A520BE680600539467 /* TTRangeSliderDelegate.h */,
				04A774A320BE67A500539467 /* TTRangeSlider.m */,
				04A774A220BE677E00539467 /* TTRangeSlider.h */,
			);
			name = TTRangeSlider;
			sourceTree = "<group>";
		};
		5BCD13AA3588A358493C37FB /* Frameworks */ = {
			isa = PBXGroup;
			children = (
			);
			name = Frameworks;
			sourceTree = "<group>";
		};
/* End PBXGroup section */

/* Begin PBXNativeTarget section */
		043F1FD920BDDACF00904784 /* RangeSlider */ = {
			isa = PBXNativeTarget;
			buildConfigurationList = 043F1FE320BDDACF00904784 /* Build configuration list for PBXNativeTarget "RangeSlider" */;
			buildPhases = (
				043F1FD620BDDACF00904784 /* Sources */,
				043F1FD720BDDACF00904784 /* Frameworks */,
				043F1FD820BDDACF00904784 /* CopyFiles */,
			);
			buildRules = (
			);
			dependencies = (
			);
			name = RangeSlider;
			productName = RangeSlider;
			productReference = 043F1FDA20BDDACF00904784 /* libRangeSlider.a */;
			productType = "com.apple.product-type.library.static";
		};
/* End PBXNativeTarget section */

/* Begin PBXProject section */
		043F1FD220BDDACF00904784 /* Project object */ = {
			isa = PBXProject;
			attributes = {
				LastUpgradeCheck = 0930;
				ORGANIZATIONNAME = mac;
				TargetAttributes = {
					043F1FD920BDDACF00904784 = {
						CreatedOnToolsVersion = 9.3.1;
						ProvisioningStyle = Automatic;
					};
				};
			};
			buildConfigurationList = 043F1FD520BDDACF00904784 /* Build configuration list for PBXProject "RangeSlider" */;
			compatibilityVersion = "Xcode 8.0";
			developmentRegion = en;
			hasScannedForEncodings = 0;
			knownRegions = (
				en,
			);
			mainGroup = 043F1FD120BDDACF00904784;
			productRefGroup = 043F1FDB20BDDACF00904784 /* Products */;
			projectDirPath = "";
			projectRoot = "";
			targets = (
				043F1FD920BDDACF00904784 /* RangeSlider */,
			);
		};
/* End PBXProject section */

/* Begin PBXSourcesBuildPhase section */
		043F1FD620BDDACF00904784 /* Sources */ = {
			isa = PBXSourcesBuildPhase;
			buildActionMask = 2147483647;
			files = (
				043F1FE820BDDC3A00904784 /* RangeSliderManager.m in Sources */,
				04A774A620BE680600539467 /* TTRangeSliderDelegate.h in Sources */,
				043F1FDF20BDDACF00904784 /* RangeSlider.m in Sources */,
				04E3D59B20C873C400BCA5A9 /* UIColor+fromHex.m in Sources */,
				04A774A420BE67A500539467 /* TTRangeSlider.m in Sources */,
			);
			runOnlyForDeploymentPostprocessing = 0;
		};
/* End PBXSourcesBuildPhase section */

/* Begin XCBuildConfiguration section */
		043F1FE120BDDACF00904784 /* Debug */ = {
			isa = XCBuildConfiguration;
			buildSettings = {
				ALWAYS_SEARCH_USER_PATHS = NO;
				CLANG_ANALYZER_NONNULL = YES;
				CLANG_ANALYZER_NUMBER_OBJECT_CONVERSION = YES_AGGRESSIVE;
				CLANG_CXX_LANGUAGE_STANDARD = "gnu++14";
				CLANG_CXX_LIBRARY = "libc++";
				CLANG_ENABLE_MODULES = YES;
				CLANG_ENABLE_OBJC_ARC = YES;
				CLANG_ENABLE_OBJC_WEAK = YES;
				CLANG_WARN_BLOCK_CAPTURE_AUTORELEASING = YES;
				CLANG_WARN_BOOL_CONVERSION = YES;
				CLANG_WARN_COMMA = YES;
				CLANG_WARN_CONSTANT_CONVERSION = YES;
				CLANG_WARN_DEPRECATED_OBJC_IMPLEMENTATIONS = YES;
				CLANG_WARN_DIRECT_OBJC_ISA_USAGE = YES_ERROR;
				CLANG_WARN_DOCUMENTATION_COMMENTS = YES;
				CLANG_WARN_EMPTY_BODY = YES;
				CLANG_WARN_ENUM_CONVERSION = YES;
				CLANG_WARN_INFINITE_RECURSION = YES;
				CLANG_WARN_INT_CONVERSION = YES;
				CLANG_WARN_NON_LITERAL_NULL_CONVERSION = YES;
				CLANG_WARN_OBJC_IMPLICIT_RETAIN_SELF = YES;
				CLANG_WARN_OBJC_LITERAL_CONVERSION = YES;
				CLANG_WARN_OBJC_ROOT_CLASS = YES_ERROR;
				CLANG_WARN_RANGE_LOOP_ANALYSIS = YES;
				CLANG_WARN_STRICT_PROTOTYPES = YES;
				CLANG_WARN_SUSPICIOUS_MOVE = YES;
				CLANG_WARN_UNGUARDED_AVAILABILITY = YES_AGGRESSIVE;
				CLANG_WARN_UNREACHABLE_CODE = YES;
				CLANG_WARN__DUPLICATE_METHOD_MATCH = YES;
				CODE_SIGN_IDENTITY = "iPhone Developer";
				COPY_PHASE_STRIP = NO;
				DEBUG_INFORMATION_FORMAT = dwarf;
				ENABLE_STRICT_OBJC_MSGSEND = YES;
				ENABLE_TESTABILITY = YES;
				GCC_C_LANGUAGE_STANDARD = gnu11;
				GCC_DYNAMIC_NO_PIC = NO;
				GCC_NO_COMMON_BLOCKS = YES;
				GCC_OPTIMIZATION_LEVEL = 0;
				GCC_PREPROCESSOR_DEFINITIONS = (
					"DEBUG=1",
					"$(inherited)",
				);
				GCC_WARN_64_TO_32_BIT_CONVERSION = YES;
				GCC_WARN_ABOUT_RETURN_TYPE = YES_ERROR;
				GCC_WARN_UNDECLARED_SELECTOR = YES;
				GCC_WARN_UNINITIALIZED_AUTOS = YES_AGGRESSIVE;
				GCC_WARN_UNUSED_FUNCTION = YES;
				GCC_WARN_UNUSED_VARIABLE = YES;
				HEADER_SEARCH_PATHS = "";
				IPHONEOS_DEPLOYMENT_TARGET = 10.0;
				MTL_ENABLE_DEBUG_INFO = YES;
				ONLY_ACTIVE_ARCH = YES;
				SDKROOT = iphoneos;
			};
			name = Debug;
		};
		043F1FE220BDDACF00904784 /* Release */ = {
			isa = XCBuildConfiguration;
			buildSettings = {
				ALWAYS_SEARCH_USER_PATHS = NO;
				CLANG_ANALYZER_NONNULL = YES;
				CLANG_ANALYZER_NUMBER_OBJECT_CONVERSION = YES_AGGRESSIVE;
				CLANG_CXX_LANGUAGE_STANDARD = "gnu++14";
				CLANG_CXX_LIBRARY = "libc++";
				CLANG_ENABLE_MODULES = YES;
				CLANG_ENABLE_OBJC_ARC = YES;
				CLANG_ENABLE_OBJC_WEAK = YES;
				CLANG_WARN_BLOCK_CAPTURE_AUTORELEASING = YES;
				CLANG_WARN_BOOL_CONVERSION = YES;
				CLANG_WARN_COMMA = YES;
				CLANG_WARN_CONSTANT_CONVERSION = YES;
				CLANG_WARN_DEPRECATED_OBJC_IMPLEMENTATIONS = YES;
				CLANG_WARN_DIRECT_OBJC_ISA_USAGE = YES_ERROR;
				CLANG_WARN_DOCUMENTATION_COMMENTS = YES;
				CLANG_WARN_EMPTY_BODY = YES;
				CLANG_WARN_ENUM_CONVERSION = YES;
				CLANG_WARN_INFINITE_RECURSION = YES;
				CLANG_WARN_INT_CONVERSION = YES;
				CLANG_WARN_NON_LITERAL_NULL_CONVERSION = YES;
				CLANG_WARN_OBJC_IMPLICIT_RETAIN_SELF = YES;
				CLANG_WARN_OBJC_LITERAL_CONVERSION = YES;
				CLANG_WARN_OBJC_ROOT_CLASS = YES_ERROR;
				CLANG_WARN_RANGE_LOOP_ANALYSIS = YES;
				CLANG_WARN_STRICT_PROTOTYPES = YES;
				CLANG_WARN_SUSPICIOUS_MOVE = YES;
				CLANG_WARN_UNGUARDED_AVAILABILITY = YES_AGGRESSIVE;
				CLANG_WARN_UNREACHABLE_CODE = YES;
				CLANG_WARN__DUPLICATE_METHOD_MATCH = YES;
				CODE_SIGN_IDENTITY = "iPhone Developer";
				COPY_PHASE_STRIP = NO;
				DEBUG_INFORMATION_FORMAT = "dwarf-with-dsym";
				ENABLE_NS_ASSERTIONS = NO;
				ENABLE_STRICT_OBJC_MSGSEND = YES;
				GCC_C_LANGUAGE_STANDARD = gnu11;
				GCC_NO_COMMON_BLOCKS = YES;
				GCC_WARN_64_TO_32_BIT_CONVERSION = YES;
				GCC_WARN_ABOUT_RETURN_TYPE = YES_ERROR;
				GCC_WARN_UNDECLARED_SELECTOR = YES;
				GCC_WARN_UNINITIALIZED_AUTOS = YES_AGGRESSIVE;
				GCC_WARN_UNUSED_FUNCTION = YES;
				GCC_WARN_UNUSED_VARIABLE = YES;
				HEADER_SEARCH_PATHS = "";
				IPHONEOS_DEPLOYMENT_TARGET = 10.0;
				MTL_ENABLE_DEBUG_INFO = NO;
				SDKROOT = iphoneos;
				VALIDATE_PRODUCT = YES;
			};
			name = Release;
		};
		043F1FE420BDDACF00904784 /* Debug */ = {
			isa = XCBuildConfiguration;
			buildSettings = {
				CODE_SIGN_STYLE = Automatic;
				HEADER_SEARCH_PATHS = "";
				OTHER_LDFLAGS = "-ObjC";
				PRODUCT_NAME = "$(TARGET_NAME)";
				SKIP_INSTALL = YES;
				TARGETED_DEVICE_FAMILY = "1,2";
			};
			name = Debug;
		};
		043F1FE520BDDACF00904784 /* Release */ = {
			isa = XCBuildConfiguration;
			buildSettings = {
				CODE_SIGN_STYLE = Automatic;
				HEADER_SEARCH_PATHS = "";
				OTHER_LDFLAGS = "-ObjC";
				PRODUCT_NAME = "$(TARGET_NAME)";
				SKIP_INSTALL = YES;
				TARGETED_DEVICE_FAMILY = "1,2";
			};
			name = Release;
		};
/* End XCBuildConfiguration section */

/* Begin XCConfigurationList section */
		043F1FD520BDDACF00904784 /* Build configuration list for PBXProject "RangeSlider" */ = {
			isa = XCConfigurationList;
			buildConfigurations = (
				043F1FE120BDDACF00904784 /* Debug */,
				043F1FE220BDDACF00904784 /* Release */,
			);
			defaultConfigurationIsVisible = 0;
			defaultConfigurationName = Release;
		};
		043F1FE320BDDACF00904784 /* Build configuration list for PBXNativeTarget "RangeSlider" */ = {
			isa = XCConfigurationList;
			buildConfigurations = (
				043F1FE420BDDACF00904784 /* Debug */,
				043F1FE520BDDACF00904784 /* Release */,
			);
			defaultConfigurationIsVisible = 0;
			defaultConfigurationName = Release;
		};
/* End XCConfigurationList section */
	};
	rootObject = 043F1FD220BDDACF00904784 /* Project object */;
}
